{
  "name": "RC_Project3",
  "lockfileVersion": 3,
  "requires": true,
  "packages": {
    "": {
      "dependencies": {
        "react-custom-roulette": "^1.4.1"
      }
    },
    "node_modules/react-custom-roulette": {
      "version": "1.4.1",
      "resolved": "https://registry.npmjs.org/react-custom-roulette/-/react-custom-roulette-1.4.1.tgz",
      "integrity": "sha512-v5Mrww/lbysSNcAF0PHU7KzdY+ljtTysu6A5Hx5s0Fi2V7CIj36Q2Df+l/1izl8yzX06nnQzvgbwSLenm8vYDQ==",
      "license": "MIT",
      "peerDependencies": {
        "react": "^18.2.0",
        "react-dom": "^18.2.0"
      }
    }
  }
}
